Microsoft Visual Studio Solution File, Format Version 12.00
# Visual Studio Version 17
VisualStudioVersion = 17.0.31903.59
MinimumVisualStudioVersion = 10.0.40219.1
Project("{2150E333-8FDC-42A3-9474-1A3956D46DE8}") = "Solution Items", "Solution Items", "{D9954CB8-DB50-4331-A461-36A4AD4DA06E}"
	ProjectSection(SolutionItems) = preProject
		.editorconfig = .editorconfig
		.filenesting.json = .filenesting.json
		.gitattributes = .gitattributes
		.gitignore = .gitignore
		.gitmodules = .gitmodules
		Directory.Build.props = Directory.Build.props
		Directory.Build.targets = Directory.Build.targets
		Directory.Packages.props = Directory.Packages.props
		Directory.Solution.props = Directory.Solution.props
		GitVersion.yml = GitVersion.yml
		LICENSE = LICENSE
		new-project.ps1 = new-project.ps1
		nuget.config = nuget.config
		README.md = README.md
		update-solution.ps1 = update-solution.ps1
	EndProjectSection
EndProject
Project("{2150E333-8FDC-42A3-9474-1A3956D46DE8}") = "src", "src", "{EFE8181B-6FAB-4E04-BD9B-557C1286B858}"
EndProject
Project("{2150E333-8FDC-42A3-9474-1A3956D46DE8}") = "tests", "tests", "{BD750CCE-0318-424D-89B4-9C66EF329E96}"
EndProject
Project("{9A19103F-16F7-4668-BE54-9A1E7A4F7556}") = "NetEvolve.Logging.XUnit", "src\NetEvolve.Logging.XUnit\NetEvolve.Logging.XUnit.csproj", "{3F3CD6EC-4636-4B58-8400-09AC2B9BAFDF}"
EndProject
Project("{9A19103F-16F7-4668-BE54-9A1E7A4F7556}") = "NetEvolve.Logging.XUnit.Tests.Unit", "tests\NetEvolve.Logging.XUnit.Tests.Unit\NetEvolve.Logging.XUnit.Tests.Unit.csproj", "{EAAD2C22-48F4-4E37-9A46-0350C6B84388}"
EndProject
Project("{9A19103F-16F7-4668-BE54-9A1E7A4F7556}") = "NetEvolve.Logging.XUnit.Tests.Integration", "tests\NetEvolve.Logging.XUnit.Tests.Integration\NetEvolve.Logging.XUnit.Tests.Integration.csproj", "{F2B38EDD-63F9-4027-9EA6-D1E0C6387C12}"
EndProject
Global
	GlobalSection(SolutionConfigurationPlatforms) = preSolution
		Debug|Any CPU = Debug|Any CPU
		Release|Any CPU = Release|Any CPU
	EndGlobalSection
	GlobalSection(SolutionProperties) = preSolution
		HideSolutionNode = FALSE
	EndGlobalSection
	GlobalSection(ProjectConfigurationPlatforms) = postSolution
		{3F3CD6EC-4636-4B58-8400-09AC2B9BAFDF}.Debug|Any CPU.ActiveCfg = Debug|Any CPU
		{3F3CD6EC-4636-4B58-8400-09AC2B9BAFDF}.Debug|Any CPU.Build.0 = Debug|Any CPU
		{3F3CD6EC-4636-4B58-8400-09AC2B9BAFDF}.Release|Any CPU.ActiveCfg = Release|Any CPU
		{3F3CD6EC-4636-4B58-8400-09AC2B9BAFDF}.Release|Any CPU.Build.0 = Release|Any CPU
		{EAAD2C22-48F4-4E37-9A46-0350C6B84388}.Debug|Any CPU.ActiveCfg = Debug|Any CPU
		{EAAD2C22-48F4-4E37-9A46-0350C6B84388}.Debug|Any CPU.Build.0 = Debug|Any CPU
		{EAAD2C22-48F4-4E37-9A46-0350C6B84388}.Release|Any CPU.ActiveCfg = Release|Any CPU
		{EAAD2C22-48F4-4E37-9A46-0350C6B84388}.Release|Any CPU.Build.0 = Release|Any CPU
		{F2B38EDD-63F9-4027-9EA6-D1E0C6387C12}.Debug|Any CPU.ActiveCfg = Debug|Any CPU
		{F2B38EDD-63F9-4027-9EA6-D1E0C6387C12}.Debug|Any CPU.Build.0 = Debug|Any CPU
		{F2B38EDD-63F9-4027-9EA6-D1E0C6387C12}.Release|Any CPU.ActiveCfg = Release|Any CPU
		{F2B38EDD-63F9-4027-9EA6-D1E0C6387C12}.Release|Any CPU.Build.0 = Release|Any CPU
	EndGlobalSection
	GlobalSection(NestedProjects) = preSolution
		{3F3CD6EC-4636-4B58-8400-09AC2B9BAFDF} = {EFE8181B-6FAB-4E04-BD9B-557C1286B858}
		{EAAD2C22-48F4-4E37-9A46-0350C6B84388} = {BD750CCE-0318-424D-89B4-9C66EF329E96}
		{F2B38EDD-63F9-4027-9EA6-D1E0C6387C12} = {BD750CCE-0318-424D-89B4-9C66EF329E96}
	EndGlobalSection
EndGlobal
CPU.Build.0 = Release|Any CPU
		{FFF70EC4-D0FD-4D73-8599-7FF442133436}.Debug|Any CPU.ActiveCfg = Debug|Any CPU
		{FFF70EC4-D0FD-4D73-8599-7FF442133436}.Debug|Any CPU.Build.0 = Debug|Any CPU
		{FFF70EC4-D0FD-4D73-8599-7FF442133436}.Release|Any CPU.ActiveCfg = Release|Any CPU
		{FFF70EC4-D0FD-4D73-8599-7FF442133436}.Release|Any CPU.Build.0 = Release|Any CPU
		{3F3CD6EC-4636-4B58-8400-09AC2B9BAFDF}.Debug|Any CPU.ActiveCfg = Debug|Any CPU
		{3F3CD6EC-4636-4B58-8400-09AC2B9BAFDF}.Debug|Any CPU.Build.0 = Debug|Any CPU
		{3F3CD6EC-4636-4B58-8400-09AC2B9BAFDF}.Release|Any CPU.ActiveCfg = Release|Any CPU
		{3F3CD6EC-4636-4B58-8400-09AC2B9BAFDF}.Release|Any CPU.Build.0 = Release|Any CPU
		{EAAD2C22-48F4-4E37-9A46-0350C6B84388}.Debug|Any CPU.ActiveCfg = Debug|Any CPU
		{EAAD2C22-48F4-4E37-9A46-0350C6B84388}.Debug|Any CPU.Build.0 = Debug|Any CPU
		{EAAD2C22-48F4-4E37-9A46-0350C6B84388}.Release|Any CPU.ActiveCfg = Release|Any CPU
		{EAAD2C22-48F4-4E37-9A46-0350C6B84388}.Release|Any CPU.Build.0 = Release|Any CPU
		{F2B38EDD-63F9-4027-9EA6-D1E0C6387C12}.Debug|Any CPU.ActiveCfg = Debug|Any CPU
		{F2B38EDD-63F9-4027-9EA6-D1E0C6387C12}.Debug|Any CPU.Build.0 = Debug|Any CPU
		{F2B38EDD-63F9-4027-9EA6-D1E0C6387C12}.Release|Any CPU.ActiveCfg = Release|Any CPU
		{F2B38EDD-63F9-4027-9EA6-D1E0C6387C12}.Release|Any CPU.Build.0 = Release|Any CPU
	EndGlobalSection
	GlobalSection(NestedProjects) = preSolution
		{20C3A39A-E7BA-4189-8064-11F2555A0ABF} = {EFE8181B-6FAB-4E04-BD9B-557C1286B858}
		{6211ACA9-9A91-4218-8B4B-E94F91796B58} = {BD750CCE-0318-424D-89B4-9C66EF329E96}
		{FFF70EC4-D0FD-4D73-8599-7FF442133436} = {BD750CCE-0318-424D-89B4-9C66EF329E96}
		{3F3CD6EC-4636-4B58-8400-09AC2B9BAFDF} = {EFE8181B-6FAB-4E04-BD9B-557C1286B858}
		{EAAD2C22-48F4-4E37-9A46-0350C6B84388} = {BD750CCE-0318-424D-89B4-9C66EF329E96}
		{F2B38EDD-63F9-4027-9EA6-D1E0C6387C12} = {BD750CCE-0318-424D-89B4-9C66EF329E96}
	EndGlobalSection
EndGlobal
